
Microsoft Visual Studio Solution File, Format Version 12.00
# Visual Studio Version 17
VisualStudioVersion = 17.2.32630.192
MinimumVisualStudioVersion = 10.0.40219.1
Project("{9A19103F-16F7-4668-BE54-9A1E7A4F7556}") = "R5T.Z0030", "R5T.Z0030\R5T.Z0030.csproj", "{13E3FB6B-8A5D-4A52-B22A-8EC624F6A72B}"
EndProject
Global
	GlobalSection(SolutionConfigurationPlatforms) = preSolution
		Debug|Any CPU = Debug|Any CPU
		Release|Any CPU = Release|Any CPU
	EndGlobalSection
	GlobalSection(ProjectConfigurationPlatforms) = postSolution
		{13E3FB6B-8A5D-4A52-B22A-8EC624F6A72B}.Debug|Any CPU.ActiveCfg = Debug|Any CPU
		{13E3FB6B-8A5D-4A52-B22A-8EC624F6A72B}.Debug|Any CPU.Build.0 = Debug|Any CPU
		{13E3FB6B-8A5D-4A52-B22A-8EC624F6A72B}.Release|Any CPU.ActiveCfg = Release|Any CPU
		{13E3FB6B-8A5D-4A52-B22A-8EC624F6A72B}.Release|Any CPU.Build.0 = Release|Any CPU
	EndGlobalSection
	GlobalSection(SolutionProperties) = preSolution
		HideSolutionNode = FALSE
	EndGlobalSection
	GlobalSection(ExtensibilityGlobals) = postSolution
		SolutionGuid = {5E3DC96B-7501-4643-AC42-C543F7F5449E}
	EndGlobalSection
EndGlobal
