
Microsoft Visual Studio Solution File, Format Version 12.00
# Visual Studio Version 17
VisualStudioVersion = 17.2.32630.192
MinimumVisualStudioVersion = 10.0.40219.1
Project("{9A19103F-16F7-4668-BE54-9A1E7A4F7556}") = "R5T.Z0030", "R5T.Z0030\R5T.Z0030.csproj", "{13E3FB6B-8A5D-4A52-B22A-8EC624F6A72B}"
EndProject
Project("{2150E333-8FDC-42A3-9474-1A3956D46DE8}") = "_Dependencies", "_Dependencies", "{A5E5CD6C-F344-49B0-A630-B4981039289D}"
EndProject
Project("{9A19103F-16F7-4668-BE54-9A1E7A4F7556}") = "R5T.T0143", "..\..\R5T.T0143\source\R5T.T0143\R5T.T0143.csproj", "{ACDE2BD9-6999-48D2-9BBB-0AFF9C14B1E3}"
EndProject
Project("{9A19103F-16F7-4668-BE54-9A1E7A4F7556}") = "R5T.T0162", "..\..\R5T.T0162\source\R5T.T0162\R5T.T0162.csproj", "{52FE17E8-2739-4CBE-A260-3E1F84C2A5DD}"
EndProject
Project("{9A19103F-16F7-4668-BE54-9A1E7A4F7556}") = "R5T.T0131", "..\..\R5T.T0131\source\R5T.T0131\R5T.T0131.csproj", "{1283AD18-103C-4082-A82F-F1EAAC7090D5}"
EndProject
Project("{9A19103F-16F7-4668-BE54-9A1E7A4F7556}") = "R5T.T0132", "..\..\R5T.T0132\source\R5T.T0132\R5T.T0132.csproj", "{FFFAA70F-17FF-42C3-ABB9-CAF96FDC1CBC}"
EndProject
Project("{9A19103F-16F7-4668-BE54-9A1E7A4F7556}") = "R5T.Z0030.Z001", "R5T.Z0030.Z001\R5T.Z0030.Z001.csproj", "{348FD1F0-E2AF-4507-B9A7-74006E63B998}"
EndProject
Project("{9A19103F-16F7-4668-BE54-9A1E7A4F7556}") = "R5T.T0178", "..\..\R5T.T0178\source\R5T.T0178\R5T.T0178.csproj", "{E4751EDD-299B-4CCA-8598-7B8162047FB4}"
EndProject
Project("{9A19103F-16F7-4668-BE54-9A1E7A4F7556}") = "R5T.T0179", "..\..\R5T.T0179\source\R5T.T0179\R5T.T0179.csproj", "{0DCDC838-1782-404C-9774-46ED866A6DA3}"
EndProject
Project("{9A19103F-16F7-4668-BE54-9A1E7A4F7556}") = "R5T.T0180", "..\..\R5T.T0180\source\R5T.T0180\R5T.T0180.csproj", "{421E0B46-AFEB-4D16-8FA6-43ED1F5431F6}"
EndProject
Project("{9A19103F-16F7-4668-BE54-9A1E7A4F7556}") = "R5T.T0181", "..\..\R5T.T0181\source\R5T.T0181\R5T.T0181.csproj", "{FFDDEBBD-5670-40CA-855D-89B2368E1B90}"
EndProject
Project("{9A19103F-16F7-4668-BE54-9A1E7A4F7556}") = "R5T.Z0039", "..\..\R5T.Z0039.Private\source\R5T.Z0039\R5T.Z0039.csproj", "{3C85DC12-6492-49FD-87C5-8613A84B237B}"
EndProject
Project("{9A19103F-16F7-4668-BE54-9A1E7A4F7556}") = "R5T.F0000", "..\..\R5T.F0000\source\R5T.F0000\R5T.F0000.csproj", "{F65C4BC8-97F0-4413-85B0-E75259BC5408}"
EndProject
Project("{9A19103F-16F7-4668-BE54-9A1E7A4F7556}") = "R5T.T0142", "..\..\R5T.T0142\source\R5T.T0142\R5T.T0142.csproj", "{D2BDA00C-3397-4D70-8552-AEFB0AD1D4C3}"
EndProject
Project("{9A19103F-16F7-4668-BE54-9A1E7A4F7556}") = "R5T.T0156", "..\..\R5T.T0156\source\R5T.T0156\R5T.T0156.csproj", "{9E850A49-62CC-45AD-A475-117E829A482E}"
EndProject
Project("{9A19103F-16F7-4668-BE54-9A1E7A4F7556}") = "R5T.Y0000", "..\..\R5T.Y0000\source\R5T.Y0000\R5T.Y0000.csproj", "{65510813-6E35-471D-B367-46C6E2CC0EDC}"
EndProject
Project("{9A19103F-16F7-4668-BE54-9A1E7A4F7556}") = "R5T.Z0000", "..\..\R5T.Z0000\source\R5T.Z0000\R5T.Z0000.csproj", "{4E334DD0-BD97-446C-AD6B-FEE8E9E96FD8}"
EndProject
Global
	GlobalSection(NestedProjects) = preSolution
		{ACDE2BD9-6999-48D2-9BBB-0AFF9C14B1E3} = {A5E5CD6C-F344-49B0-A630-B4981039289D}
		{52FE17E8-2739-4CBE-A260-3E1F84C2A5DD} = {A5E5CD6C-F344-49B0-A630-B4981039289D}
		{1283AD18-103C-4082-A82F-F1EAAC7090D5} = {A5E5CD6C-F344-49B0-A630-B4981039289D}
		{FFFAA70F-17FF-42C3-ABB9-CAF96FDC1CBC} = {A5E5CD6C-F344-49B0-A630-B4981039289D}
		{E4751EDD-299B-4CCA-8598-7B8162047FB4} = {A5E5CD6C-F344-49B0-A630-B4981039289D}
		{0DCDC838-1782-404C-9774-46ED866A6DA3} = {A5E5CD6C-F344-49B0-A630-B4981039289D}
		{421E0B46-AFEB-4D16-8FA6-43ED1F5431F6} = {A5E5CD6C-F344-49B0-A630-B4981039289D}
		{FFDDEBBD-5670-40CA-855D-89B2368E1B90} = {A5E5CD6C-F344-49B0-A630-B4981039289D}
		{3C85DC12-6492-49FD-87C5-8613A84B237B} = {A5E5CD6C-F344-49B0-A630-B4981039289D}
		{F65C4BC8-97F0-4413-85B0-E75259BC5408} = {A5E5CD6C-F344-49B0-A630-B4981039289D}
		{D2BDA00C-3397-4D70-8552-AEFB0AD1D4C3} = {A5E5CD6C-F344-49B0-A630-B4981039289D}
		{9E850A49-62CC-45AD-A475-117E829A482E} = {A5E5CD6C-F344-49B0-A630-B4981039289D}
		{65510813-6E35-471D-B367-46C6E2CC0EDC} = {A5E5CD6C-F344-49B0-A630-B4981039289D}
		{4E334DD0-BD97-446C-AD6B-FEE8E9E96FD8} = {A5E5CD6C-F344-49B0-A630-B4981039289D}
	EndGlobalSection
	GlobalSection(SolutionConfigurationPlatforms) = preSolution
		Debug|Any CPU = Debug|Any CPU
		Release|Any CPU = Release|Any CPU
	EndGlobalSection
	GlobalSection(ProjectConfigurationPlatforms) = postSolution
		{13E3FB6B-8A5D-4A52-B22A-8EC624F6A72B}.Debug|Any CPU.ActiveCfg = Debug|Any CPU
		{13E3FB6B-8A5D-4A52-B22A-8EC624F6A72B}.Debug|Any CPU.Build.0 = Debug|Any CPU
		{13E3FB6B-8A5D-4A52-B22A-8EC624F6A72B}.Release|Any CPU.ActiveCfg = Release|Any CPU
		{13E3FB6B-8A5D-4A52-B22A-8EC624F6A72B}.Release|Any CPU.Build.0 = Release|Any CPU
		{ACDE2BD9-6999-48D2-9BBB-0AFF9C14B1E3}.Debug|Any CPU.ActiveCfg = Debug|Any CPU
		{ACDE2BD9-6999-48D2-9BBB-0AFF9C14B1E3}.Debug|Any CPU.Build.0 = Debug|Any CPU
		{ACDE2BD9-6999-48D2-9BBB-0AFF9C14B1E3}.Release|Any CPU.ActiveCfg = Release|Any CPU
		{ACDE2BD9-6999-48D2-9BBB-0AFF9C14B1E3}.Release|Any CPU.Build.0 = Release|Any CPU
		{52FE17E8-2739-4CBE-A260-3E1F84C2A5DD}.Debug|Any CPU.ActiveCfg = Debug|Any CPU
		{52FE17E8-2739-4CBE-A260-3E1F84C2A5DD}.Debug|Any CPU.Build.0 = Debug|Any CPU
		{52FE17E8-2739-4CBE-A260-3E1F84C2A5DD}.Release|Any CPU.ActiveCfg = Release|Any CPU
		{52FE17E8-2739-4CBE-A260-3E1F84C2A5DD}.Release|Any CPU.Build.0 = Release|Any CPU
		{1283AD18-103C-4082-A82F-F1EAAC7090D5}.Debug|Any CPU.ActiveCfg = Debug|Any CPU
		{1283AD18-103C-4082-A82F-F1EAAC7090D5}.Debug|Any CPU.Build.0 = Debug|Any CPU
		{1283AD18-103C-4082-A82F-F1EAAC7090D5}.Release|Any CPU.ActiveCfg = Release|Any CPU
		{1283AD18-103C-4082-A82F-F1EAAC7090D5}.Release|Any CPU.Build.0 = Release|Any CPU
		{FFFAA70F-17FF-42C3-ABB9-CAF96FDC1CBC}.Debug|Any CPU.ActiveCfg = Debug|Any CPU
		{FFFAA70F-17FF-42C3-ABB9-CAF96FDC1CBC}.Debug|Any CPU.Build.0 = Debug|Any CPU
		{FFFAA70F-17FF-42C3-ABB9-CAF96FDC1CBC}.Release|Any CPU.ActiveCfg = Release|Any CPU
		{FFFAA70F-17FF-42C3-ABB9-CAF96FDC1CBC}.Release|Any CPU.Build.0 = Release|Any CPU
		{348FD1F0-E2AF-4507-B9A7-74006E63B998}.Debug|Any CPU.ActiveCfg = Debug|Any CPU
		{348FD1F0-E2AF-4507-B9A7-74006E63B998}.Debug|Any CPU.Build.0 = Debug|Any CPU
		{348FD1F0-E2AF-4507-B9A7-74006E63B998}.Release|Any CPU.ActiveCfg = Release|Any CPU
		{348FD1F0-E2AF-4507-B9A7-74006E63B998}.Release|Any CPU.Build.0 = Release|Any CPU
		{E4751EDD-299B-4CCA-8598-7B8162047FB4}.Debug|Any CPU.ActiveCfg = Debug|Any CPU
		{E4751EDD-299B-4CCA-8598-7B8162047FB4}.Debug|Any CPU.Build.0 = Debug|Any CPU
		{E4751EDD-299B-4CCA-8598-7B8162047FB4}.Release|Any CPU.ActiveCfg = Release|Any CPU
		{E4751EDD-299B-4CCA-8598-7B8162047FB4}.Release|Any CPU.Build.0 = Release|Any CPU
		{0DCDC838-1782-404C-9774-46ED866A6DA3}.Debug|Any CPU.ActiveCfg = Debug|Any CPU
		{0DCDC838-1782-404C-9774-46ED866A6DA3}.Debug|Any CPU.Build.0 = Debug|Any CPU
		{0DCDC838-1782-404C-9774-46ED866A6DA3}.Release|Any CPU.ActiveCfg = Release|Any CPU
		{0DCDC838-1782-404C-9774-46ED866A6DA3}.Release|Any CPU.Build.0 = Release|Any CPU
		{421E0B46-AFEB-4D16-8FA6-43ED1F5431F6}.Debug|Any CPU.ActiveCfg = Debug|Any CPU
		{421E0B46-AFEB-4D16-8FA6-43ED1F5431F6}.Debug|Any CPU.Build.0 = Debug|Any CPU
		{421E0B46-AFEB-4D16-8FA6-43ED1F5431F6}.Release|Any CPU.ActiveCfg = Release|Any CPU
		{421E0B46-AFEB-4D16-8FA6-43ED1F5431F6}.Release|Any CPU.Build.0 = Release|Any CPU
		{FFDDEBBD-5670-40CA-855D-89B2368E1B90}.Debug|Any CPU.ActiveCfg = Debug|Any CPU
		{FFDDEBBD-5670-40CA-855D-89B2368E1B90}.Debug|Any CPU.Build.0 = Debug|Any CPU
		{FFDDEBBD-5670-40CA-855D-89B2368E1B90}.Release|Any CPU.ActiveCfg = Release|Any CPU
		{FFDDEBBD-5670-40CA-855D-89B2368E1B90}.Release|Any CPU.Build.0 = Release|Any CPU
		{3C85DC12-6492-49FD-87C5-8613A84B237B}.Debug|Any CPU.ActiveCfg = Debug|Any CPU
		{3C85DC12-6492-49FD-87C5-8613A84B237B}.Debug|Any CPU.Build.0 = Debug|Any CPU
		{3C85DC12-6492-49FD-87C5-8613A84B237B}.Release|Any CPU.ActiveCfg = Release|Any CPU
		{3C85DC12-6492-49FD-87C5-8613A84B237B}.Release|Any CPU.Build.0 = Release|Any CPU
		{F65C4BC8-97F0-4413-85B0-E75259BC5408}.Debug|Any CPU.ActiveCfg = Debug|Any CPU
		{F65C4BC8-97F0-4413-85B0-E75259BC5408}.Debug|Any CPU.Build.0 = Debug|Any CPU
		{F65C4BC8-97F0-4413-85B0-E75259BC5408}.Release|Any CPU.ActiveCfg = Release|Any CPU
		{F65C4BC8-97F0-4413-85B0-E75259BC5408}.Release|Any CPU.Build.0 = Release|Any CPU
		{D2BDA00C-3397-4D70-8552-AEFB0AD1D4C3}.Debug|Any CPU.ActiveCfg = Debug|Any CPU
		{D2BDA00C-3397-4D70-8552-AEFB0AD1D4C3}.Debug|Any CPU.Build.0 = Debug|Any CPU
		{D2BDA00C-3397-4D70-8552-AEFB0AD1D4C3}.Release|Any CPU.ActiveCfg = Release|Any CPU
		{D2BDA00C-3397-4D70-8552-AEFB0AD1D4C3}.Release|Any CPU.Build.0 = Release|Any CPU
		{9E850A49-62CC-45AD-A475-117E829A482E}.Debug|Any CPU.ActiveCfg = Debug|Any CPU
		{9E850A49-62CC-45AD-A475-117E829A482E}.Debug|Any CPU.Build.0 = Debug|Any CPU
		{9E850A49-62CC-45AD-A475-117E829A482E}.Release|Any CPU.ActiveCfg = Release|Any CPU
		{9E850A49-62CC-45AD-A475-117E829A482E}.Release|Any CPU.Build.0 = Release|Any CPU
		{65510813-6E35-471D-B367-46C6E2CC0EDC}.Debug|Any CPU.ActiveCfg = Debug|Any CPU
		{65510813-6E35-471D-B367-46C6E2CC0EDC}.Debug|Any CPU.Build.0 = Debug|Any CPU
		{65510813-6E35-471D-B367-46C6E2CC0EDC}.Release|Any CPU.ActiveCfg = Release|Any CPU
		{65510813-6E35-471D-B367-46C6E2CC0EDC}.Release|Any CPU.Build.0 = Release|Any CPU
		{4E334DD0-BD97-446C-AD6B-FEE8E9E96FD8}.Debug|Any CPU.ActiveCfg = Debug|Any CPU
		{4E334DD0-BD97-446C-AD6B-FEE8E9E96FD8}.Debug|Any CPU.Build.0 = Debug|Any CPU
		{4E334DD0-BD97-446C-AD6B-FEE8E9E96FD8}.Release|Any CPU.ActiveCfg = Release|Any CPU
		{4E334DD0-BD97-446C-AD6B-FEE8E9E96FD8}.Release|Any CPU.Build.0 = Release|Any CPU
	EndGlobalSection
	GlobalSection(SolutionProperties) = preSolution
		HideSolutionNode = FALSE
	EndGlobalSection
	GlobalSection(ExtensibilityGlobals) = postSolution
		SolutionGuid = {5E3DC96B-7501-4643-AC42-C543F7F5449E}
	EndGlobalSection
EndGlobal
