
Microsoft Visual Studio Solution File, Format Version 12.00
# Visual Studio Version 17
VisualStudioVersion = 17.2.32630.192
MinimumVisualStudioVersion = 10.0.40219.1
Project("{9A19103F-16F7-4668-BE54-9A1E7A4F7556}") = "R5T.Z0030.Construction", "R5T.Z0030.Construction\R5T.Z0030.Construction.csproj", "{471718AF-C99E-4A61-9D0F-C85977FD1DA9}"
EndProject
Project("{9A19103F-16F7-4668-BE54-9A1E7A4F7556}") = "R5T.Z0030", "R5T.Z0030\R5T.Z0030.csproj", "{CAF057A8-C116-4694-B1FA-A86BF6B23B4C}"
EndProject
Project("{2150E333-8FDC-42A3-9474-1A3956D46DE8}") = "_Dependencies", "_Dependencies", "{4AB95340-D129-4CDC-A1F0-433FCF35CEAA}"
EndProject
Project("{9A19103F-16F7-4668-BE54-9A1E7A4F7556}") = "R5T.T0143", "..\..\R5T.T0143\source\R5T.T0143\R5T.T0143.csproj", "{B6CE6D4C-2141-4B34-AADD-66BE235175ED}"
EndProject
Project("{9A19103F-16F7-4668-BE54-9A1E7A4F7556}") = "R5T.T0150", "..\..\R5T.T0150\source\R5T.T0150\R5T.T0150.csproj", "{8D16741A-5E7C-46B0-9B29-6AF62AE760DE}"
EndProject
Project("{9A19103F-16F7-4668-BE54-9A1E7A4F7556}") = "R5T.T0151", "..\..\R5T.T0151\source\R5T.T0151\R5T.T0151.csproj", "{C9C39579-50A8-4DBA-B92C-7B3E36EE1F1D}"
EndProject
Project("{9A19103F-16F7-4668-BE54-9A1E7A4F7556}") = "R5T.T0162", "..\..\R5T.T0162\source\R5T.T0162\R5T.T0162.csproj", "{C92019D7-A73C-4AFA-AAB9-8C5E5D9FFBB0}"
EndProject
Project("{9A19103F-16F7-4668-BE54-9A1E7A4F7556}") = "R5T.T0131", "..\..\R5T.T0131\source\R5T.T0131\R5T.T0131.csproj", "{5AFB7816-D2A6-4011-897A-6F35E8180A24}"
EndProject
Global
	GlobalSection(NestedProjects) = preSolution
		{B6CE6D4C-2141-4B34-AADD-66BE235175ED} = {4AB95340-D129-4CDC-A1F0-433FCF35CEAA}
		{8D16741A-5E7C-46B0-9B29-6AF62AE760DE} = {4AB95340-D129-4CDC-A1F0-433FCF35CEAA}
		{C9C39579-50A8-4DBA-B92C-7B3E36EE1F1D} = {4AB95340-D129-4CDC-A1F0-433FCF35CEAA}
		{C92019D7-A73C-4AFA-AAB9-8C5E5D9FFBB0} = {4AB95340-D129-4CDC-A1F0-433FCF35CEAA}
		{5AFB7816-D2A6-4011-897A-6F35E8180A24} = {4AB95340-D129-4CDC-A1F0-433FCF35CEAA}
	EndGlobalSection
	GlobalSection(SolutionConfigurationPlatforms) = preSolution
		Debug|Any CPU = Debug|Any CPU
		Release|Any CPU = Release|Any CPU
	EndGlobalSection
	GlobalSection(ProjectConfigurationPlatforms) = postSolution
		{471718AF-C99E-4A61-9D0F-C85977FD1DA9}.Debug|Any CPU.ActiveCfg = Debug|Any CPU
		{471718AF-C99E-4A61-9D0F-C85977FD1DA9}.Debug|Any CPU.Build.0 = Debug|Any CPU
		{471718AF-C99E-4A61-9D0F-C85977FD1DA9}.Release|Any CPU.ActiveCfg = Release|Any CPU
		{471718AF-C99E-4A61-9D0F-C85977FD1DA9}.Release|Any CPU.Build.0 = Release|Any CPU
		{CAF057A8-C116-4694-B1FA-A86BF6B23B4C}.Debug|Any CPU.ActiveCfg = Debug|Any CPU
		{CAF057A8-C116-4694-B1FA-A86BF6B23B4C}.Debug|Any CPU.Build.0 = Debug|Any CPU
		{CAF057A8-C116-4694-B1FA-A86BF6B23B4C}.Release|Any CPU.ActiveCfg = Release|Any CPU
		{CAF057A8-C116-4694-B1FA-A86BF6B23B4C}.Release|Any CPU.Build.0 = Release|Any CPU
		{B6CE6D4C-2141-4B34-AADD-66BE235175ED}.Debug|Any CPU.ActiveCfg = Debug|Any CPU
		{B6CE6D4C-2141-4B34-AADD-66BE235175ED}.Debug|Any CPU.Build.0 = Debug|Any CPU
		{B6CE6D4C-2141-4B34-AADD-66BE235175ED}.Release|Any CPU.ActiveCfg = Release|Any CPU
		{B6CE6D4C-2141-4B34-AADD-66BE235175ED}.Release|Any CPU.Build.0 = Release|Any CPU
		{8D16741A-5E7C-46B0-9B29-6AF62AE760DE}.Debug|Any CPU.ActiveCfg = Debug|Any CPU
		{8D16741A-5E7C-46B0-9B29-6AF62AE760DE}.Debug|Any CPU.Build.0 = Debug|Any CPU
		{8D16741A-5E7C-46B0-9B29-6AF62AE760DE}.Release|Any CPU.ActiveCfg = Release|Any CPU
		{8D16741A-5E7C-46B0-9B29-6AF62AE760DE}.Release|Any CPU.Build.0 = Release|Any CPU
		{C9C39579-50A8-4DBA-B92C-7B3E36EE1F1D}.Debug|Any CPU.ActiveCfg = Debug|Any CPU
		{C9C39579-50A8-4DBA-B92C-7B3E36EE1F1D}.Debug|Any CPU.Build.0 = Debug|Any CPU
		{C9C39579-50A8-4DBA-B92C-7B3E36EE1F1D}.Release|Any CPU.ActiveCfg = Release|Any CPU
		{C9C39579-50A8-4DBA-B92C-7B3E36EE1F1D}.Release|Any CPU.Build.0 = Release|Any CPU
		{C92019D7-A73C-4AFA-AAB9-8C5E5D9FFBB0}.Debug|Any CPU.ActiveCfg = Debug|Any CPU
		{C92019D7-A73C-4AFA-AAB9-8C5E5D9FFBB0}.Debug|Any CPU.Build.0 = Debug|Any CPU
		{C92019D7-A73C-4AFA-AAB9-8C5E5D9FFBB0}.Release|Any CPU.ActiveCfg = Release|Any CPU
		{C92019D7-A73C-4AFA-AAB9-8C5E5D9FFBB0}.Release|Any CPU.Build.0 = Release|Any CPU
		{5AFB7816-D2A6-4011-897A-6F35E8180A24}.Debug|Any CPU.ActiveCfg = Debug|Any CPU
		{5AFB7816-D2A6-4011-897A-6F35E8180A24}.Debug|Any CPU.Build.0 = Debug|Any CPU
		{5AFB7816-D2A6-4011-897A-6F35E8180A24}.Release|Any CPU.ActiveCfg = Release|Any CPU
		{5AFB7816-D2A6-4011-897A-6F35E8180A24}.Release|Any CPU.Build.0 = Release|Any CPU
	EndGlobalSection
	GlobalSection(SolutionProperties) = preSolution
		HideSolutionNode = FALSE
	EndGlobalSection
	GlobalSection(ExtensibilityGlobals) = postSolution
		SolutionGuid = {12F8F079-3F47-4CB5-8B30-42EB4322903F}
	EndGlobalSection
EndGlobal
